
Microsoft Visual Studio Solution File, Format Version 12.00
# Visual Studio Version 17
VisualStudioVersion = 17.7.34031.279
MinimumVisualStudioVersion = 10.0.40219.1
Project("{FAE04EC0-301F-11D3-BF4B-00C04F79EFBC}") = "EventManager", "EventManager.csproj", "{4C7C9B20-54E9-44F5-ADCB-3A291A23F355}"
EndProject
Global
	GlobalSection(SolutionConfigurationPlatforms) = preSolution
		Debug|Any CPU = Debug|Any CPU
		Release|Any CPU = Release|Any CPU
	EndGlobalSection
	GlobalSection(ProjectConfigurationPlatforms) = postSolution
		{4C7C9B20-54E9-44F5-ADCB-3A291A23F355}.Debug|Any CPU.ActiveCfg = Debug|Any CPU
		{4C7C9B20-54E9-44F5-ADCB-3A291A23F355}.Debug|Any CPU.Build.0 = Debug|Any CPU
		{4C7C9B20-54E9-44F5-ADCB-3A291A23F355}.Release|Any CPU.ActiveCfg = Release|Any CPU
		{4C7C9B20-54E9-44F5-ADCB-3A291A23F355}.Release|Any CPU.Build.0 = Release|Any CPU
	EndGlobalSection
	GlobalSection(SolutionProperties) = preSolution
		HideSolutionNode = FALSE
	EndGlobalSection
	GlobalSection(ExtensibilityGlobals) = postSolution
		SolutionGuid = {96667899-9B37-4F08-81ED-8A7124CC33C7}
	EndGlobalSection
EndGlobal
